
Microsoft Visual Studio Solution File, Format Version 11.00
# Visual C++ Express 2010
Project("{8BC9CEB8-8B4A-11D0-8D11-00A0C91BC942}") = "p1", "p1\p1.vcxproj", "{EB7B1C1F-C9F8-4629-9692-4F8A407D9DB3}"
EndProject
Global
	GlobalSection(SolutionConfigurationPlatforms) = preSolution
		Debug|Win32 = Debug|Win32
		Release|Win32 = Release|Win32
	EndGlobalSection
	GlobalSection(ProjectConfigurationPlatforms) = postSolution
		{EB7B1C1F-C9F8-4629-9692-4F8A407D9DB3}.Debug|Win32.ActiveCfg = Debug|Win32
		{EB7B1C1F-C9F8-4629-9692-4F8A407D9DB3}.Debug|Win32.Build.0 = Debug|Win32
		{EB7B1C1F-C9F8-4629-9692-4F8A407D9DB3}.Release|Win32.ActiveCfg = Release|Win32
		{EB7B1C1F-C9F8-4629-9692-4F8A407D9DB3}.Release|Win32.Build.0 = Release|Win32
	EndGlobalSection
	GlobalSection(SolutionProperties) = preSolution
		HideSolutionNode = FALSE
	EndGlobalSection
EndGlobal
