
Microsoft Visual Studio Solution File, Format Version 11.00
# Visual C++ Express 2010
Project("{8BC9CEB8-8B4A-11D0-8D11-00A0C91BC942}") = "task1", "task1\task1.vcxproj", "{3A04F7E7-9AAA-4F83-8579-B6AD50D449D0}"
EndProject
Project("{8BC9CEB8-8B4A-11D0-8D11-00A0C91BC942}") = "task2", "task2\task2.vcxproj", "{CCCB56B2-CFA4-47DE-9F82-0D4F29CBE9F1}"
EndProject
Project("{8BC9CEB8-8B4A-11D0-8D11-00A0C91BC942}") = "task3", "task3\task3.vcxproj", "{4535C926-2DEA-429F-980F-6A1A0175F8BE}"
EndProject
Global
	GlobalSection(SolutionConfigurationPlatforms) = preSolution
		Debug|Win32 = Debug|Win32
		Release|Win32 = Release|Win32
	EndGlobalSection
	GlobalSection(ProjectConfigurationPlatforms) = postSolution
		{3A04F7E7-9AAA-4F83-8579-B6AD50D449D0}.Debug|Win32.ActiveCfg = Debug|Win32
		{3A04F7E7-9AAA-4F83-8579-B6AD50D449D0}.Debug|Win32.Build.0 = Debug|Win32
		{3A04F7E7-9AAA-4F83-8579-B6AD50D449D0}.Release|Win32.ActiveCfg = Release|Win32
		{3A04F7E7-9AAA-4F83-8579-B6AD50D449D0}.Release|Win32.Build.0 = Release|Win32
		{CCCB56B2-CFA4-47DE-9F82-0D4F29CBE9F1}.Debug|Win32.ActiveCfg = Debug|Win32
		{CCCB56B2-CFA4-47DE-9F82-0D4F29CBE9F1}.Debug|Win32.Build.0 = Debug|Win32
		{CCCB56B2-CFA4-47DE-9F82-0D4F29CBE9F1}.Release|Win32.ActiveCfg = Release|Win32
		{CCCB56B2-CFA4-47DE-9F82-0D4F29CBE9F1}.Release|Win32.Build.0 = Release|Win32
		{4535C926-2DEA-429F-980F-6A1A0175F8BE}.Debug|Win32.ActiveCfg = Debug|Win32
		{4535C926-2DEA-429F-980F-6A1A0175F8BE}.Debug|Win32.Build.0 = Debug|Win32
		{4535C926-2DEA-429F-980F-6A1A0175F8BE}.Release|Win32.ActiveCfg = Release|Win32
		{4535C926-2DEA-429F-980F-6A1A0175F8BE}.Release|Win32.Build.0 = Release|Win32
	EndGlobalSection
	GlobalSection(SolutionProperties) = preSolution
		HideSolutionNode = FALSE
	EndGlobalSection
EndGlobal
